# THIS IS AN AUTOGENERATED FILE. DO NOT EDIT THIS FILE DIRECTLY.
# yarn lockfile v1


google-trends-api@^4.9.0:
  version "4.9.0"
  resolved "https://registry.yarnpkg.com/google-trends-api/-/google-trends-api-4.9.0.tgz#907ad9f02df6c10596dfe887f5e16517b8510f60"
  integrity sha512-ujOLHM98bE7Igy8YA4Lrb5naDpaY1wGt215zgHXPznCDwHmMjMK1FW8yW//dHQ9CKyG/HzaNBDfF7jEAUk8Kkw==
